// !$*UTF8*$!
{
	archiveVersion = 1;
	classes = {
	};
	objectVersion = 56;
	objects = {

/* Begin PBXBuildFile section */
		19D80F592AB5C4F3003178CA /* AppDelegate.swift in Sources */ = {isa = PBXBuildFile; fileRef = 19D80F582AB5C4F3003178CA /* AppDelegate.swift */; };
		19D80F5B2AB5C4F3003178CA /* SceneDelegate.swift in Sources */ = {isa = PBXBuildFile; fileRef = 19D80F5A2AB5C4F3003178CA /* SceneDelegate.swift */; };
		19D80F5D2AB5C4F3003178CA /* ViewController.swift in Sources */ = {isa = PBXBuildFile; fileRef = 19D80F5C2AB5C4F3003178CA /* ViewController.swift */; };
		19D80F602AB5C4F3003178CA /* Main.storyboard in Resources */ = {isa = PBXBuildFile; fileRef = 19D80F5E2AB5C4F3003178CA /* Main.storyboard */; };
		19D80F622AB5C4F7003178CA /* Assets.xcassets in Resources */ = {isa = PBXBuildFile; fileRef = 19D80F612AB5C4F7003178CA /* Assets.xcassets */; };
		19D80F652AB5C4F7003178CA /* LaunchScreen.storyboard in Resources */ = {isa = PBXBuildFile; fileRef = 19D80F632AB5C4F7003178CA /* LaunchScreen.storyboard */; };
		19D80F702AB5C4F7003178CA /* SwiftGPTPlusTests.swift in Sources */ = {isa = PBXBuildFile; fileRef = 19D80F6F2AB5C4F7003178CA /* SwiftGPTPlusTests.swift */; };
		19D80F7A2AB5C4F7003178CA /* SwiftGPTPlusUITests.swift in Sources */ = {isa = PBXBuildFile; fileRef = 19D80F792AB5C4F7003178CA /* SwiftGPTPlusUITests.swift */; };
		19D80F7C2AB5C4F7003178CA /* SwiftGPTPlusUITestsLaunchTests.swift in Sources */ = {isa = PBXBuildFile; fileRef = 19D80F7B2AB5C4F7003178CA /* SwiftGPTPlusUITestsLaunchTests.swift */; };
		19D80F8A2AB5C7BC003178CA /* SwiftGPTPPlus.framework in Frameworks */ = {isa = PBXBuildFile; fileRef = 19D80F882AB5C7B3003178CA /* SwiftGPTPPlus.framework */; };
		19D80F8B2AB5C7BC003178CA /* SwiftGPTPPlus.framework in Embed Frameworks */ = {isa = PBXBuildFile; fileRef = 19D80F882AB5C7B3003178CA /* SwiftGPTPPlus.framework */; settings = {ATTRIBUTES = (CodeSignOnCopy, RemoveHeadersOnCopy, ); }; };
/* End PBXBuildFile section */

/* Begin PBXContainerItemProxy section */
		19D80F6C2AB5C4F7003178CA /* PBXContainerItemProxy */ = {
			isa = PBXContainerItemProxy;
			containerPortal = 19D80F4D2AB5C4F2003178CA /* Project object */;
			proxyType = 1;
			remoteGlobalIDString = 19D80F542AB5C4F3003178CA;
			remoteInfo = SwiftGPTPlus;
		};
		19D80F762AB5C4F7003178CA /* PBXContainerItemProxy */ = {
			isa = PBXContainerItemProxy;
			containerPortal = 19D80F4D2AB5C4F2003178CA /* Project object */;
			proxyType = 1;
			remoteGlobalIDString = 19D80F542AB5C4F3003178CA;
			remoteInfo = SwiftGPTPlus;
		};
/* End PBXContainerItemProxy section */

/* Begin PBXCopyFilesBuildPhase section */
		19D80F8C2AB5C7BD003178CA /* Embed Frameworks */ = {
			isa = PBXCopyFilesBuildPhase;
			buildActionMask = 2147483647;
			dstPath = "";
			dstSubfolderSpec = 10;
			files = (
				19D80F8B2AB5C7BC003178CA /* SwiftGPTPPlus.framework in Embed Frameworks */,
			);
			name = "Embed Frameworks";
			runOnlyForDeploymentPostprocessing = 0;
		};
/* End PBXCopyFilesBuildPhase section */

/* Begin PBXFileReference section */
		19D80F552AB5C4F3003178CA /* SwiftGPTPlus.app */ = {isa = PBXFileReference; explicitFileType = wrapper.application; includeInIndex = 0; path = SwiftGPTPlus.app; sourceTree = BUILT_PRODUCTS_DIR; };
		19D80F582AB5C4F3003178CA /* AppDelegate.swift */ = {isa = PBXFileReference; lastKnownFileType = sourcecode.swift; path = AppDelegate.swift; sourceTree = "<group>"; };
		19D80F5A2AB5C4F3003178CA /* SceneDelegate.swift */ = {isa = PBXFileReference; lastKnownFileType = sourcecode.swift; path = SceneDelegate.swift; sourceTree = "<group>"; };
		19D80F5C2AB5C4F3003178CA /* ViewController.swift */ = {isa = PBXFileReference; lastKnownFileType = sourcecode.swift; path = ViewController.swift; sourceTree = "<group>"; };
		19D80F5F2AB5C4F3003178CA /* Base */ = {isa = PBXFileReference; lastKnownFileType = file.storyboard; name = Base; path = Base.lproj/Main.storyboard; sourceTree = "<group>"; };
		19D80F612AB5C4F7003178CA /* Assets.xcassets */ = {isa = PBXFileReference; lastKnownFileType = folder.assetcatalog; path = Assets.xcassets; sourceTree = "<group>"; };
		19D80F642AB5C4F7003178CA /* Base */ = {isa = PBXFileReference; lastKnownFileType = file.storyboard; name = Base; path = Base.lproj/LaunchScreen.storyboard; sourceTree = "<group>"; };
		19D80F662AB5C4F7003178CA /* Info.plist */ = {isa = PBXFileReference; lastKnownFileType = text.plist.xml; path = Info.plist; sourceTree = "<group>"; };
		19D80F6B2AB5C4F7003178CA /* SwiftGPTPlusTests.xctest */ = {isa = PBXFileReference; explicitFileType = wrapper.cfbundle; includeInIndex = 0; path = SwiftGPTPlusTests.xctest; sourceTree = BUILT_PRODUCTS_DIR; };
		19D80F6F2AB5C4F7003178CA /* SwiftGPTPlusTests.swift */ = {isa = PBXFileReference; lastKnownFileType = sourcecode.swift; path = SwiftGPTPlusTests.swift; sourceTree = "<group>"; };
		19D80F752AB5C4F7003178CA /* SwiftGPTPlusUITests.xctest */ = {isa = PBXFileReference; explicitFileType = wrapper.cfbundle; includeInIndex = 0; path = SwiftGPTPlusUITests.xctest; sourceTree = BUILT_PRODUCTS_DIR; };
		19D80F792AB5C4F7003178CA /* SwiftGPTPlusUITests.swift */ = {isa = PBXFileReference; lastKnownFileType = sourcecode.swift; path = SwiftGPTPlusUITests.swift; sourceTree = "<group>"; };
		19D80F7B2AB5C4F7003178CA /* SwiftGPTPlusUITestsLaunchTests.swift */ = {isa = PBXFileReference; lastKnownFileType = sourcecode.swift; path = SwiftGPTPlusUITestsLaunchTests.swift; sourceTree = "<group>"; };
		19D80F882AB5C7B3003178CA /* SwiftGPTPPlus.framework */ = {isa = PBXFileReference; lastKnownFileType = wrapper.framework; path = SwiftGPTPPlus.framework; sourceTree = "<group>"; };
/* End PBXFileReference section */

/* Begin PBXFrameworksBuildPhase section */
		19D80F522AB5C4F3003178CA /* Frameworks */ = {
			isa = PBXFrameworksBuildPhase;
			buildActionMask = 2147483647;
			files = (
				19D80F8A2AB5C7BC003178CA /* SwiftGPTPPlus.framework in Frameworks */,
			);
			runOnlyForDeploymentPostprocessing = 0;
		};
		19D80F682AB5C4F7003178CA /* Frameworks */ = {
			isa = PBXFrameworksBuildPhase;
			buildActionMask = 2147483647;
			files = (
			);
			runOnlyForDeploymentPostprocessing = 0;
		};
		19D80F722AB5C4F7003178CA /* Frameworks */ = {
			isa = PBXFrameworksBuildPhase;
			buildActionMask = 2147483647;
			files = (
			);
			runOnlyForDeploymentPostprocessing = 0;
		};
/* End PBXFrameworksBuildPhase section */

/* Begin PBXGroup section */
		19D80F4C2AB5C4F2003178CA = {
			isa = PBXGroup;
			children = (
				19D80F572AB5C4F3003178CA /* SwiftGPTPlus */,
				19D80F6E2AB5C4F7003178CA /* SwiftGPTPlusTests */,
				19D80F782AB5C4F7003178CA /* SwiftGPTPlusUITests */,
				19D80F562AB5C4F3003178CA /* Products */,
			);
			sourceTree = "<group>";
		};
		19D80F562AB5C4F3003178CA /* Products */ = {
			isa = PBXGroup;
			children = (
				19D80F552AB5C4F3003178CA /* SwiftGPTPlus.app */,
				19D80F6B2AB5C4F7003178CA /* SwiftGPTPlusTests.xctest */,
				19D80F752AB5C4F7003178CA /* SwiftGPTPlusUITests.xctest */,
			);
			name = Products;
			sourceTree = "<group>";
		};
		19D80F572AB5C4F3003178CA /* SwiftGPTPlus */ = {
			isa = PBXGroup;
			children = (
				19D80F882AB5C7B3003178CA /* SwiftGPTPPlus.framework */,
				19D80F582AB5C4F3003178CA /* AppDelegate.swift */,
				19D80F5A2AB5C4F3003178CA /* SceneDelegate.swift */,
				19D80F5C2AB5C4F3003178CA /* ViewController.swift */,
				19D80F5E2AB5C4F3003178CA /* Main.storyboard */,
				19D80F612AB5C4F7003178CA /* Assets.xcassets */,
				19D80F632AB5C4F7003178CA /* LaunchScreen.storyboard */,
				19D80F662AB5C4F7003178CA /* Info.plist */,
			);
			path = SwiftGPTPlus;
			sourceTree = "<group>";
		};
		19D80F6E2AB5C4F7003178CA /* SwiftGPTPlusTests */ = {
			isa = PBXGroup;
			children = (
				19D80F6F2AB5C4F7003178CA /* SwiftGPTPlusTests.swift */,
			);
			path = SwiftGPTPlusTests;
			sourceTree = "<group>";
		};
		19D80F782AB5C4F7003178CA /* SwiftGPTPlusUITests */ = {
			isa = PBXGroup;
			children = (
				19D80F792AB5C4F7003178CA /* SwiftGPTPlusUITests.swift */,
				19D80F7B2AB5C4F7003178CA /* SwiftGPTPlusUITestsLaunchTests.swift */,
			);
			path = SwiftGPTPlusUITests;
			sourceTree = "<group>";
		};
/* End PBXGroup section */

/* Begin PBXNativeTarget section */
		19D80F542AB5C4F3003178CA /* SwiftGPTPlus */ = {
			isa = PBXNativeTarget;
			buildConfigurationList = 19D80F7F2AB5C4F7003178CA /* Build configuration list for PBXNativeTarget "SwiftGPTPlus" */;
			buildPhases = (
				19D80F512AB5C4F3003178CA /* Sources */,
				19D80F522AB5C4F3003178CA /* Frameworks */,
				19D80F532AB5C4F3003178CA /* Resources */,
				19D80F8C2AB5C7BD003178CA /* Embed Frameworks */,
			);
			buildRules = (
			);
			dependencies = (
			);
			name = SwiftGPTPlus;
			productName = SwiftGPTPlus;
			productReference = 19D80F552AB5C4F3003178CA /* SwiftGPTPlus.app */;
			productType = "com.apple.product-type.application";
		};
		19D80F6A2AB5C4F7003178CA /* SwiftGPTPlusTests */ = {
			isa = PBXNativeTarget;
			buildConfigurationList = 19D80F822AB5C4F7003178CA /* Build configuration list for PBXNativeTarget "SwiftGPTPlusTests" */;
			buildPhases = (
				19D80F672AB5C4F7003178CA /* Sources */,
				19D80F682AB5C4F7003178CA /* Frameworks */,
				19D80F692AB5C4F7003178CA /* Resources */,
			);
			buildRules = (
			);
			dependencies = (
				19D80F6D2AB5C4F7003178CA /* PBXTargetDependency */,
			);
			name = SwiftGPTPlusTests;
			productName = SwiftGPTPlusTests;
			productReference = 19D80F6B2AB5C4F7003178CA /* SwiftGPTPlusTests.xctest */;
			productType = "com.apple.product-type.bundle.unit-test";
		};
		19D80F742AB5C4F7003178CA /* SwiftGPTPlusUITests */ = {
			isa = PBXNativeTarget;
			buildConfigurationList = 19D80F852AB5C4F7003178CA /* Build configuration list for PBXNativeTarget "SwiftGPTPlusUITests" */;
			buildPhases = (
				19D80F712AB5C4F7003178CA /* Sources */,
				19D80F722AB5C4F7003178CA /* Frameworks */,
				19D80F732AB5C4F7003178CA /* Resources */,
			);
			buildRules = (
			);
			dependencies = (
				19D80F772AB5C4F7003178CA /* PBXTargetDependency */,
			);
			name = SwiftGPTPlusUITests;
			productName = SwiftGPTPlusUITests;
			productReference = 19D80F752AB5C4F7003178CA /* SwiftGPTPlusUITests.xctest */;
			productType = "com.apple.product-type.bundle.ui-testing";
		};
/* End PBXNativeTarget section */

/* Begin PBXProject section */
		19D80F4D2AB5C4F2003178CA /* Project object */ = {
			isa = PBXProject;
			attributes = {
				BuildIndependentTargetsInParallel = 1;
				LastSwiftUpdateCheck = 1430;
				LastUpgradeCheck = 1430;
				TargetAttributes = {
					19D80F542AB5C4F3003178CA = {
						CreatedOnToolsVersion = 14.3;
					};
					19D80F6A2AB5C4F7003178CA = {
						CreatedOnToolsVersion = 14.3;
						TestTargetID = 19D80F542AB5C4F3003178CA;
					};
					19D80F742AB5C4F7003178CA = {
						CreatedOnToolsVersion = 14.3;
						TestTargetID = 19D80F542AB5C4F3003178CA;
					};
				};
			};
			buildConfigurationList = 19D80F502AB5C4F2003178CA /* Build configuration list for PBXProject "SwiftGPTPlus" */;
			compatibilityVersion = "Xcode 14.0";
			developmentRegion = en;
			hasScannedForEncodings = 0;
			knownRegions = (
				en,
				Base,
			);
			mainGroup = 19D80F4C2AB5C4F2003178CA;
			productRefGroup = 19D80F562AB5C4F3003178CA /* Products */;
			projectDirPath = "";
			projectRoot = "";
			targets = (
				19D80F542AB5C4F3003178CA /* SwiftGPTPlus */,
				19D80F6A2AB5C4F7003178CA /* SwiftGPTPlusTests */,
				19D80F742AB5C4F7003178CA /* SwiftGPTPlusUITests */,
			);
		};
/* End PBXProject section */

/* Begin PBXResourcesBuildPhase section */
		19D80F532AB5C4F3003178CA /* Resources */ = {
			isa = PBXResourcesBuildPhase;
			buildActionMask = 2147483647;
			files = (
				19D80F652AB5C4F7003178CA /* LaunchScreen.storyboard in Resources */,
				19D80F622AB5C4F7003178CA /* Assets.xcassets in Resources */,
				19D80F602AB5C4F3003178CA /* Main.storyboard in Resources */,
			);
			runOnlyForDeploymentPostprocessing = 0;
		};
		19D80F692AB5C4F7003178CA /* Resources */ = {
			isa = PBXResourcesBuildPhase;
			buildActionMask = 2147483647;
			files = (
			);
			runOnlyForDeploymentPostprocessing = 0;
		};
		19D80F732AB5C4F7003178CA /* Resources */ = {
			isa = PBXResourcesBuildPhase;
			buildActionMask = 2147483647;
			files = (
			);
			runOnlyForDeploymentPostprocessing = 0;
		};
/* End PBXResourcesBuildPhase section */

/* Begin PBXSourcesBuildPhase section */
		19D80F512AB5C4F3003178CA /* Sources */ = {
			isa = PBXSourcesBuildPhase;
			buildActionMask = 2147483647;
			files = (
				19D80F5D2AB5C4F3003178CA /* ViewController.swift in Sources */,
				19D80F592AB5C4F3003178CA /* AppDelegate.swift in Sources */,
				19D80F5B2AB5C4F3003178CA /* SceneDelegate.swift in Sources */,
			);
			runOnlyForDeploymentPostprocessing = 0;
		};
		19D80F672AB5C4F7003178CA /* Sources */ = {
			isa = PBXSourcesBuildPhase;
			buildActionMask = 2147483647;
			files = (
				19D80F702AB5C4F7003178CA /* SwiftGPTPlusTests.swift in Sources */,
			);
			runOnlyForDeploymentPostprocessing = 0;
		};
		19D80F712AB5C4F7003178CA /* Sources */ = {
			isa = PBXSourcesBuildPhase;
			buildActionMask = 2147483647;
			files = (
				19D80F7C2AB5C4F7003178CA /* SwiftGPTPlusUITestsLaunchTests.swift in Sources */,
				19D80F7A2AB5C4F7003178CA /* SwiftGPTPlusUITests.swift in Sources */,
			);
			runOnlyForDeploymentPostprocessing = 0;
		};
/* End PBXSourcesBuildPhase section */

/* Begin PBXTargetDependency section */
		19D80F6D2AB5C4F7003178CA /* PBXTargetDependency */ = {
			isa = PBXTargetDependency;
			target = 19D80F542AB5C4F3003178CA /* SwiftGPTPlus */;
			targetProxy = 19D80F6C2AB5C4F7003178CA /* PBXContainerItemProxy */;
		};
		19D80F772AB5C4F7003178CA /* PBXTargetDependency */ = {
			isa = PBXTargetDependency;
			target = 19D80F542AB5C4F3003178CA /* SwiftGPTPlus */;
			targetProxy = 19D80F762AB5C4F7003178CA /* PBXContainerItemProxy */;
		};
/* End PBXTargetDependency section */

/* Begin PBXVariantGroup section */
		19D80F5E2AB5C4F3003178CA /* Main.storyboard */ = {
			isa = PBXVariantGroup;
			children = (
				19D80F5F2AB5C4F3003178CA /* Base */,
			);
			name = Main.storyboard;
			sourceTree = "<group>";
		};
		19D80F632AB5C4F7003178CA /* LaunchScreen.storyboard */ = {
			isa = PBXVariantGroup;
			children = (
				19D80F642AB5C4F7003178CA /* Base */,
			);
			name = LaunchScreen.storyboard;
			sourceTree = "<group>";
		};
/* End PBXVariantGroup section */

/* Begin XCBuildConfiguration section */
		19D80F7D2AB5C4F7003178CA /* Debug */ = {
			isa = XCBuildConfiguration;
			buildSettings = {
				ALWAYS_SEARCH_USER_PATHS = NO;
				CLANG_ANALYZER_NONNULL = YES;
				CLANG_ANALYZER_NUMBER_OBJECT_CONVERSION = YES_AGGRESSIVE;
				CLANG_CXX_LANGUAGE_STANDARD = "gnu++20";
				CLANG_ENABLE_MODULES = YES;
				CLANG_ENABLE_OBJC_ARC = YES;
				CLANG_ENABLE_OBJC_WEAK = YES;
				CLANG_WARN_BLOCK_CAPTURE_AUTORELEASING = YES;
				CLANG_WARN_BOOL_CONVERSION = YES;
				CLANG_WARN_COMMA = YES;
				CLANG_WARN_CONSTANT_CONVERSION = YES;
				CLANG_WARN_DEPRECATED_OBJC_IMPLEMENTATIONS = YES;
				CLANG_WARN_DIRECT_OBJC_ISA_USAGE = YES_ERROR;
				CLANG_WARN_DOCUMENTATION_COMMENTS = YES;
				CLANG_WARN_EMPTY_BODY = YES;
				CLANG_WARN_ENUM_CONVERSION = YES;
				CLANG_WARN_INFINITE_RECURSION = YES;
				CLANG_WARN_INT_CONVERSION = YES;
				CLANG_WARN_NON_LITERAL_NULL_CONVERSION = YES;
				CLANG_WARN_OBJC_IMPLICIT_RETAIN_SELF = YES;
				CLANG_WARN_OBJC_LITERAL_CONVERSION = YES;
				CLANG_WARN_OBJC_ROOT_CLASS = YES_ERROR;
				CLANG_WARN_QUOTED_INCLUDE_IN_FRAMEWORK_HEADER = YES;
				CLANG_WARN_RANGE_LOOP_ANALYSIS = YES;
				CLANG_WARN_STRICT_PROTOTYPES = YES;
				CLANG_WARN_SUSPICIOUS_MOVE = YES;
				CLANG_WARN_UNGUARDED_AVAILABILITY = YES_AGGRESSIVE;
				CLANG_WARN_UNREACHABLE_CODE = YES;
				CLANG_WARN__DUPLICATE_METHOD_MATCH = YES;
				COPY_PHASE_STRIP = NO;
				DEBUG_INFORMATION_FORMAT = dwarf;
				ENABLE_STRICT_OBJC_MSGSEND = YES;
				ENABLE_TESTABILITY = YES;
				GCC_C_LANGUAGE_STANDARD = gnu11;
				GCC_DYNAMIC_NO_PIC = NO;
				GCC_NO_COMMON_BLOCKS = YES;
				GCC_OPTIMIZATION_LEVEL = 0;
				GCC_PREPROCESSOR_DEFINITIONS = (
					"DEBUG=1",
					"$(inherited)",
				);
				GCC_WARN_64_TO_32_BIT_CONVERSION = YES;
				GCC_WARN_ABOUT_RETURN_TYPE = YES_ERROR;
				GCC_WARN_UNDECLARED_SELECTOR = YES;
				GCC_WARN_UNINITIALIZED_AUTOS = YES_AGGRESSIVE;
				GCC_WARN_UNUSED_FUNCTION = YES;
				GCC_WARN_UNUSED_VARIABLE = YES;
				IPHONEOS_DEPLOYMENT_TARGET = 16.4;
				MTL_ENABLE_DEBUG_INFO = INCLUDE_SOURCE;
				MTL_FAST_MATH = YES;
				ONLY_ACTIVE_ARCH = YES;
				SDKROOT = iphoneos;
				SWIFT_ACTIVE_COMPILATION_CONDITIONS = DEBUG;
				SWIFT_OPTIMIZATION_LEVEL = "-Onone";
			};
			name = Debug;
		};
		19D80F7E2AB5C4F7003178CA /* Release */ = {
			isa = XCBuildConfiguration;
			buildSettings = {
				ALWAYS_SEARCH_USER_PATHS = NO;
				CLANG_ANALYZER_NONNULL = YES;
				CLANG_ANALYZER_NUMBER_OBJECT_CONVERSION = YES_AGGRESSIVE;
				CLANG_CXX_LANGUAGE_STANDARD = "gnu++20";
				CLANG_ENABLE_MODULES = YES;
				CLANG_ENABLE_OBJC_ARC = YES;
				CLANG_ENABLE_OBJC_WEAK = YES;
				CLANG_WARN_BLOCK_CAPTURE_AUTORELEASING = YES;
				CLANG_WARN_BOOL_CONVERSION = YES;
				CLANG_WARN_COMMA = YES;
				CLANG_WARN_CONSTANT_CONVERSION = YES;
				CLANG_WARN_DEPRECATED_OBJC_IMPLEMENTATIONS = YES;
				CLANG_WARN_DIRECT_OBJC_ISA_USAGE = YES_ERROR;
				CLANG_WARN_DOCUMENTATION_COMMENTS = YES;
				CLANG_WARN_EMPTY_BODY = YES;
				CLANG_WARN_ENUM_CONVERSION = YES;
				CLANG_WARN_INFINITE_RECURSION = YES;
				CLANG_WARN_INT_CONVERSION = YES;
				CLANG_WARN_NON_LITERAL_NULL_CONVERSION = YES;
				CLANG_WARN_OBJC_IMPLICIT_RETAIN_SELF = YES;
				CLANG_WARN_OBJC_LITERAL_CONVERSION = YES;
				CLANG_WARN_OBJC_ROOT_CLASS = YES_ERROR;
				CLANG_WARN_QUOTED_INCLUDE_IN_FRAMEWORK_HEADER = YES;
				CLANG_WARN_RANGE_LOOP_ANALYSIS = YES;
				CLANG_WARN_STRICT_PROTOTYPES = YES;
				CLANG_WARN_SUSPICIOUS_MOVE = YES;
				CLANG_WARN_UNGUARDED_AVAILABILITY = YES_AGGRESSIVE;
				CLANG_WARN_UNREACHABLE_CODE = YES;
				CLANG_WARN__DUPLICATE_METHOD_MATCH = YES;
				COPY_PHASE_STRIP = NO;
				DEBUG_INFORMATION_FORMAT = "dwarf-with-dsym";
				ENABLE_NS_ASSERTIONS = NO;
				ENABLE_STRICT_OBJC_MSGSEND = YES;
				GCC_C_LANGUAGE_STANDARD = gnu11;
				GCC_NO_COMMON_BLOCKS = YES;
				GCC_WARN_64_TO_32_BIT_CONVERSION = YES;
				GCC_WARN_ABOUT_RETURN_TYPE = YES_ERROR;
				GCC_WARN_UNDECLARED_SELECTOR = YES;
				GCC_WARN_UNINITIALIZED_AUTOS = YES_AGGRESSIVE;
				GCC_WARN_UNUSED_FUNCTION = YES;
				GCC_WARN_UNUSED_VARIABLE = YES;
				IPHONEOS_DEPLOYMENT_TARGET = 16.4;
				MTL_ENABLE_DEBUG_INFO = NO;
				MTL_FAST_MATH = YES;
				SDKROOT = iphoneos;
				SWIFT_COMPILATION_MODE = wholemodule;
				SWIFT_OPTIMIZATION_LEVEL = "-O";
				VALIDATE_PRODUCT = YES;
			};
			name = Release;
		};
		19D80F802AB5C4F7003178CA /* Debug */ = {
			isa = XCBuildConfiguration;
			buildSettings = {
				ASSETCATALOG_COMPILER_APPICON_NAME = AppIcon;
				ASSETCATALOG_COMPILER_GLOBAL_ACCENT_COLOR_NAME = AccentColor;
				CODE_SIGN_STYLE = Automatic;
				CURRENT_PROJECT_VERSION = 1;
				DEVELOPMENT_TEAM = 36M6V853R2;
				FRAMEWORK_SEARCH_PATHS = (
					"$(inherited)",
					"$(PROJECT_DIR)/SwiftGPTPlus",
				);
				GENERATE_INFOPLIST_FILE = YES;
				INFOPLIST_FILE = SwiftGPTPlus/Info.plist;
				INFOPLIST_KEY_UIApplicationSupportsIndirectInputEvents = YES;
				INFOPLIST_KEY_UILaunchStoryboardName = LaunchScreen;
				INFOPLIST_KEY_UIMainStoryboardFile = Main;
				INFOPLIST_KEY_UISupportedInterfaceOrientations_iPad = "UIInterfaceOrientationPortrait UIInterfaceOrientationPortraitUpsideDown UIInterfaceOrientationLandscapeLeft UIInterfaceOrientationLandscapeRight";
				INFOPLIST_KEY_UISupportedInterfaceOrientations_iPhone = "UIInterfaceOrientationPortrait UIInterfaceOrientationLandscapeLeft UIInterfaceOrientationLandscapeRight";
				LD_RUNPATH_SEARCH_PATHS = (
					"$(inherited)",
					"@executable_path/Frameworks",
				);
				MARKETING_VERSION = 1.0;
				PRODUCT_BUNDLE_IDENTIFIER = Himanshu.SwiftGPTPlus;
				PRODUCT_NAME = "$(TARGET_NAME)";
				SWIFT_EMIT_LOC_STRINGS = YES;
				SWIFT_VERSION = 5.0;
				TARGETED_DEVICE_FAMILY = "1,2";
			};
			name = Debug;
		};
		19D80F812AB5C4F7003178CA /* Release */ = {
			isa = XCBuildConfiguration;
			buildSettings = {
				ASSETCATALOG_COMPILER_APPICON_NAME = AppIcon;
				ASSETCATALOG_COMPILER_GLOBAL_ACCENT_COLOR_NAME = AccentColor;
				CODE_SIGN_STYLE = Automatic;
				CURRENT_PROJECT_VERSION = 1;
				DEVELOPMENT_TEAM = 36M6V853R2;
				FRAMEWORK_SEARCH_PATHS = (
					"$(inherited)",
					"$(PROJECT_DIR)/SwiftGPTPlus",
				);
				GENERATE_INFOPLIST_FILE = YES;
				INFOPLIST_FILE = SwiftGPTPlus/Info.plist;
				INFOPLIST_KEY_UIApplicationSupportsIndirectInputEvents = YES;
				INFOPLIST_KEY_UILaunchStoryboardName = LaunchScreen;
				INFOPLIST_KEY_UIMainStoryboardFile = Main;
				INFOPLIST_KEY_UISupportedInterfaceOrientations_iPad = "UIInterfaceOrientationPortrait UIInterfaceOrientationPortraitUpsideDown UIInterfaceOrientationLandscapeLeft UIInterfaceOrientationLandscapeRight";
				INFOPLIST_KEY_UISupportedInterfaceOrientations_iPhone = "UIInterfaceOrientationPortrait UIInterfaceOrientationLandscapeLeft UIInterfaceOrientationLandscapeRight";
				LD_RUNPATH_SEARCH_PATHS = (
					"$(inherited)",
					"@executable_path/Frameworks",
				);
				MARKETING_VERSION = 1.0;
				PRODUCT_BUNDLE_IDENTIFIER = Himanshu.SwiftGPTPlus;
				PRODUCT_NAME = "$(TARGET_NAME)";
				SWIFT_EMIT_LOC_STRINGS = YES;
				SWIFT_VERSION = 5.0;
				TARGETED_DEVICE_FAMILY = "1,2";
			};
			name = Release;
		};
		19D80F832AB5C4F7003178CA /* Debug */ = {
			isa = XCBuildConfiguration;
			buildSettings = {
				ALWAYS_EMBED_SWIFT_STANDARD_LIBRARIES = YES;
				BUNDLE_LOADER = "$(TEST_HOST)";
				CODE_SIGN_STYLE = Automatic;
				CURRENT_PROJECT_VERSION = 1;
				DEVELOPMENT_TEAM = 36M6V853R2;
				GENERATE_INFOPLIST_FILE = YES;
				IPHONEOS_DEPLOYMENT_TARGET = 16.4;
				MARKETING_VERSION = 1.0;
				PRODUCT_BUNDLE_IDENTIFIER = Himanshu.SwiftGPTPlusTests;
				PRODUCT_NAME = "$(TARGET_NAME)";
				SWIFT_EMIT_LOC_STRINGS = NO;
				SWIFT_VERSION = 5.0;
				TARGETED_DEVICE_FAMILY = "1,2";
				TEST_HOST = "$(BUILT_PRODUCTS_DIR)/SwiftGPTPlus.app/$(BUNDLE_EXECUTABLE_FOLDER_PATH)/SwiftGPTPlus";
			};
			name = Debug;
		};
		19D80F842AB5C4F7003178CA /* Release */ = {
			isa = XCBuildConfiguration;
			buildSettings = {
				ALWAYS_EMBED_SWIFT_STANDARD_LIBRARIES = YES;
				BUNDLE_LOADER = "$(TEST_HOST)";
				CODE_SIGN_STYLE = Automatic;
				CURRENT_PROJECT_VERSION = 1;
				DEVELOPMENT_TEAM = 36M6V853R2;
				GENERATE_INFOPLIST_FILE = YES;
				IPHONEOS_DEPLOYMENT_TARGET = 16.4;
				MARKETING_VERSION = 1.0;
				PRODUCT_BUNDLE_IDENTIFIER = Himanshu.SwiftGPTPlusTests;
				PRODUCT_NAME = "$(TARGET_NAME)";
				SWIFT_EMIT_LOC_STRINGS = NO;
				SWIFT_VERSION = 5.0;
				TARGETED_DEVICE_FAMILY = "1,2";
				TEST_HOST = "$(BUILT_PRODUCTS_DIR)/SwiftGPTPlus.app/$(BUNDLE_EXECUTABLE_FOLDER_PATH)/SwiftGPTPlus";
			};
			name = Release;
		};
		19D80F862AB5C4F7003178CA /* Debug */ = {
			isa = XCBuildConfiguration;
			buildSettings = {
				ALWAYS_EMBED_SWIFT_STANDARD_LIBRARIES = YES;
				CODE_SIGN_STYLE = Automatic;
				CURRENT_PROJECT_VERSION = 1;
				DEVELOPMENT_TEAM = 36M6V853R2;
				GENERATE_INFOPLIST_FILE = YES;
				MARKETING_VERSION = 1.0;
				PRODUCT_BUNDLE_IDENTIFIER = Himanshu.SwiftGPTPlusUITests;
				PRODUCT_NAME = "$(TARGET_NAME)";
				SWIFT_EMIT_LOC_STRINGS = NO;
				SWIFT_VERSION = 5.0;
				TARGETED_DEVICE_FAMILY = "1,2";
				TEST_TARGET_NAME = SwiftGPTPlus;
			};
			name = Debug;
		};
		19D80F872AB5C4F7003178CA /* Release */ = {
			isa = XCBuildConfiguration;
			buildSettings = {
				ALWAYS_EMBED_SWIFT_STANDARD_LIBRARIES = YES;
				CODE_SIGN_STYLE = Automatic;
				CURRENT_PROJECT_VERSION = 1;
				DEVELOPMENT_TEAM = 36M6V853R2;
				GENERATE_INFOPLIST_FILE = YES;
				MARKETING_VERSION = 1.0;
				PRODUCT_BUNDLE_IDENTIFIER = Himanshu.SwiftGPTPlusUITests;
				PRODUCT_NAME = "$(TARGET_NAME)";
				SWIFT_EMIT_LOC_STRINGS = NO;
				SWIFT_VERSION = 5.0;
				TARGETED_DEVICE_FAMILY = "1,2";
				TEST_TARGET_NAME = SwiftGPTPlus;
			};
			name = Release;
		};
/* End XCBuildConfiguration section */

/* Begin XCConfigurationList section */
		19D80F502AB5C4F2003178CA /* Build configuration list for PBXProject "SwiftGPTPlus" */ = {
			isa = XCConfigurationList;
			buildConfigurations = (
				19D80F7D2AB5C4F7003178CA /* Debug */,
				19D80F7E2AB5C4F7003178CA /* Release */,
			);
			defaultConfigurationIsVisible = 0;
			defaultConfigurationName = Release;
		};
		19D80F7F2AB5C4F7003178CA /* Build configuration list for PBXNativeTarget "SwiftGPTPlus" */ = {
			isa = XCConfigurationList;
			buildConfigurations = (
				19D80F802AB5C4F7003178CA /* Debug */,
				19D80F812AB5C4F7003178CA /* Release */,
			);
			defaultConfigurationIsVisible = 0;
			defaultConfigurationName = Release;
		};
		19D80F822AB5C4F7003178CA /* Build configuration list for PBXNativeTarget "SwiftGPTPlusTests" */ = {
			isa = XCConfigurationList;
			buildConfigurations = (
				19D80F832AB5C4F7003178CA /* Debug */,
				19D80F842AB5C4F7003178CA /* Release */,
			);
			defaultConfigurationIsVisible = 0;
			defaultConfigurationName = Release;
		};
		19D80F852AB5C4F7003178CA /* Build configuration list for PBXNativeTarget "SwiftGPTPlusUITests" */ = {
			isa = XCConfigurationList;
			buildConfigurations = (
				19D80F862AB5C4F7003178CA /* Debug */,
				19D80F872AB5C4F7003178CA /* Release */,
			);
			defaultConfigurationIsVisible = 0;
			defaultConfigurationName = Release;
		};
/* End XCConfigurationList section */
	};
	rootObject = 19D80F4D2AB5C4F2003178CA /* Project object */;
}
